
Microsoft Visual Studio Solution File, Format Version 12.00
# Visual Studio Version 17
VisualStudioVersion = 17.0.31919.166
MinimumVisualStudioVersion = 10.0.40219.1
Project("{8BC9CEB8-8B4A-11D0-8D11-00A0C91BC942}") = "lr6", "lr6\lr6.vcxproj", "{B02A708B-6F77-4867-8450-DB9B0EE2F282}"
EndProject
Global
	GlobalSection(SolutionConfigurationPlatforms) = preSolution
		Debug|x64 = Debug|x64
		Debug|x86 = Debug|x86
		Release|x64 = Release|x64
		Release|x86 = Release|x86
	EndGlobalSection
	GlobalSection(ProjectConfigurationPlatforms) = postSolution
		{B02A708B-6F77-4867-8450-DB9B0EE2F282}.Debug|x64.ActiveCfg = Debug|x64
		{B02A708B-6F77-4867-8450-DB9B0EE2F282}.Debug|x64.Build.0 = Debug|x64
		{B02A708B-6F77-4867-8450-DB9B0EE2F282}.Debug|x86.ActiveCfg = Debug|Win32
		{B02A708B-6F77-4867-8450-DB9B0EE2F282}.Debug|x86.Build.0 = Debug|Win32
		{B02A708B-6F77-4867-8450-DB9B0EE2F282}.Release|x64.ActiveCfg = Release|x64
		{B02A708B-6F77-4867-8450-DB9B0EE2F282}.Release|x64.Build.0 = Release|x64
		{B02A708B-6F77-4867-8450-DB9B0EE2F282}.Release|x86.ActiveCfg = Release|Win32
		{B02A708B-6F77-4867-8450-DB9B0EE2F282}.Release|x86.Build.0 = Release|Win32
	EndGlobalSection
	GlobalSection(SolutionProperties) = preSolution
		HideSolutionNode = FALSE
	EndGlobalSection
	GlobalSection(ExtensibilityGlobals) = postSolution
		SolutionGuid = {7568014A-95E4-446E-A417-68AD89D879EF}
	EndGlobalSection
EndGlobal
